
Microsoft Visual Studio Solution File, Format Version 12.00
# Visual Studio Version 17
VisualStudioVersion = 17.0.31903.59
MinimumVisualStudioVersion = 10.0.40219.1
Project("{2150E333-8FDC-42A3-9474-1A3956D46DE8}") = "src", "src", "{B6E7B537-D958-469E-B29B-54A2A4770E61}"
EndProject
Project("{9A19103F-16F7-4668-BE54-9A1E7A4F7556}") = "Sknet.InRuleGitStorage", "src\Sknet.InRuleGitStorage\Sknet.InRuleGitStorage.csproj", "{4AAB2421-1186-41CC-93DD-0D928FDB13BB}"
EndProject
Project("{9A19103F-16F7-4668-BE54-9A1E7A4F7556}") = "Build", "build\Build.csproj", "{15823B84-7873-4F05-95F3-BE56F93A27F5}"
EndProject
Project("{2150E333-8FDC-42A3-9474-1A3956D46DE8}") = "build", "build", "{EEA1EB04-1F2A-477B-B6AE-185649740646}"
EndProject
Project("{2150E333-8FDC-42A3-9474-1A3956D46DE8}") = "test", "test", "{FF6341B4-3DF5-4FB8-9721-D793E0D033F9}"
EndProject
Project("{9A19103F-16F7-4668-BE54-9A1E7A4F7556}") = "Sknet.InRuleGitStorage.Tests", "test\Sknet.InRuleGitStorage.Tests\Sknet.InRuleGitStorage.Tests.csproj", "{927EF4E1-1E6D-48A0-BBF2-9FC6D711F2E1}"
EndProject
Project("{FAE04EC0-301F-11D3-BF4B-00C04F79EFBC}") = "Sknet.InRuleGitStorage.AuthoringExtension", "src\Sknet.InRuleGitStorage.AuthoringExtension\Sknet.InRuleGitStorage.AuthoringExtension.csproj", "{ED27ED90-3F95-430D-9044-72B2C6E8F1DE}"
EndProject
Global
	GlobalSection(SolutionConfigurationPlatforms) = preSolution
		Debug|Any CPU = Debug|Any CPU
		Release|Any CPU = Release|Any CPU
	EndGlobalSection
	GlobalSection(ProjectConfigurationPlatforms) = postSolution
		{4AAB2421-1186-41CC-93DD-0D928FDB13BB}.Debug|Any CPU.ActiveCfg = Debug|Any CPU
		{4AAB2421-1186-41CC-93DD-0D928FDB13BB}.Debug|Any CPU.Build.0 = Debug|Any CPU
		{4AAB2421-1186-41CC-93DD-0D928FDB13BB}.Release|Any CPU.ActiveCfg = Release|Any CPU
		{4AAB2421-1186-41CC-93DD-0D928FDB13BB}.Release|Any CPU.Build.0 = Release|Any CPU
		{15823B84-7873-4F05-95F3-BE56F93A27F5}.Debug|Any CPU.ActiveCfg = Debug|Any CPU
		{15823B84-7873-4F05-95F3-BE56F93A27F5}.Release|Any CPU.ActiveCfg = Release|Any CPU
		{927EF4E1-1E6D-48A0-BBF2-9FC6D711F2E1}.Debug|Any CPU.ActiveCfg = Debug|Any CPU
		{927EF4E1-1E6D-48A0-BBF2-9FC6D711F2E1}.Debug|Any CPU.Build.0 = Debug|Any CPU
		{927EF4E1-1E6D-48A0-BBF2-9FC6D711F2E1}.Release|Any CPU.ActiveCfg = Release|Any CPU
		{927EF4E1-1E6D-48A0-BBF2-9FC6D711F2E1}.Release|Any CPU.Build.0 = Release|Any CPU
		{ED27ED90-3F95-430D-9044-72B2C6E8F1DE}.Debug|Any CPU.ActiveCfg = Debug|Any CPU
		{ED27ED90-3F95-430D-9044-72B2C6E8F1DE}.Debug|Any CPU.Build.0 = Debug|Any CPU
		{ED27ED90-3F95-430D-9044-72B2C6E8F1DE}.Release|Any CPU.ActiveCfg = Release|Any CPU
		{ED27ED90-3F95-430D-9044-72B2C6E8F1DE}.Release|Any CPU.Build.0 = Release|Any CPU
	EndGlobalSection
	GlobalSection(SolutionProperties) = preSolution
		HideSolutionNode = FALSE
	EndGlobalSection
	GlobalSection(NestedProjects) = preSolution
		{4AAB2421-1186-41CC-93DD-0D928FDB13BB} = {B6E7B537-D958-469E-B29B-54A2A4770E61}
		{15823B84-7873-4F05-95F3-BE56F93A27F5} = {EEA1EB04-1F2A-477B-B6AE-185649740646}
		{927EF4E1-1E6D-48A0-BBF2-9FC6D711F2E1} = {FF6341B4-3DF5-4FB8-9721-D793E0D033F9}
		{ED27ED90-3F95-430D-9044-72B2C6E8F1DE} = {B6E7B537-D958-469E-B29B-54A2A4770E61}
	EndGlobalSection
	GlobalSection(ExtensibilityGlobals) = postSolution
		SolutionGuid = {AE4AD63F-352E-4660-A41D-ADB672131C04}
	EndGlobalSection
EndGlobal
