
Microsoft Visual Studio Solution File, Format Version 12.00
# Visual Studio Version 16
VisualStudioVersion = 16.0.30114.105
MinimumVisualStudioVersion = 10.0.40219.1
Project("{9A19103F-16F7-4668-BE54-9A1E7A4F7556}") = "Build", "build\Build.csproj", "{EE1CEEA4-BB98-4443-9DEF-7CDC15DEBCEE}"
EndProject
Project("{2150E333-8FDC-42A3-9474-1A3956D46DE8}") = "src", "src", "{20C49547-E448-4011-AE67-556E9A0F9AF0}"
EndProject
Project("{2150E333-8FDC-42A3-9474-1A3956D46DE8}") = "build", "build", "{A4116EED-AAA2-4C02-A7B0-7D431D19176D}"
EndProject
Project("{2150E333-8FDC-42A3-9474-1A3956D46DE8}") = "test", "test", "{67AB039D-713C-4037-8AF0-F4E940880C42}"
EndProject
Project("{9A19103F-16F7-4668-BE54-9A1E7A4F7556}") = "Sknet.InRuleGitStorage", "src\Sknet.InRuleGitStorage\Sknet.InRuleGitStorage.csproj", "{67FBA5BA-44C3-4D0C-9013-EF00A76712F3}"
EndProject
Project("{9A19103F-16F7-4668-BE54-9A1E7A4F7556}") = "Sknet.InRuleGitStorage.Tests", "test\Sknet.InRuleGitStorage.Tests\Sknet.InRuleGitStorage.Tests.csproj", "{32B3B558-FEC1-4643-8406-38CF1851F1BB}"
EndProject
Project("{FAE04EC0-301F-11D3-BF4B-00C04F79EFBC}") = "Sknet.InRuleGitStorage.AuthoringExtension", "src\Sknet.InRuleGitStorage.AuthoringExtension\Sknet.InRuleGitStorage.AuthoringExtension.csproj", "{F4F47C86-5EE3-490D-BF19-7B500C93D023}"
EndProject
Global
	GlobalSection(SolutionConfigurationPlatforms) = preSolution
		Debug|Any CPU = Debug|Any CPU
		Debug|x64 = Debug|x64
		Debug|x86 = Debug|x86
		Release|Any CPU = Release|Any CPU
		Release|x64 = Release|x64
		Release|x86 = Release|x86
	EndGlobalSection
	GlobalSection(ProjectConfigurationPlatforms) = postSolution
		{EE1CEEA4-BB98-4443-9DEF-7CDC15DEBCEE}.Debug|Any CPU.ActiveCfg = Debug|Any CPU
		{EE1CEEA4-BB98-4443-9DEF-7CDC15DEBCEE}.Debug|x64.ActiveCfg = Debug|Any CPU
		{EE1CEEA4-BB98-4443-9DEF-7CDC15DEBCEE}.Debug|x64.Build.0 = Debug|Any CPU
		{EE1CEEA4-BB98-4443-9DEF-7CDC15DEBCEE}.Debug|x86.ActiveCfg = Debug|Any CPU
		{EE1CEEA4-BB98-4443-9DEF-7CDC15DEBCEE}.Debug|x86.Build.0 = Debug|Any CPU
		{EE1CEEA4-BB98-4443-9DEF-7CDC15DEBCEE}.Release|Any CPU.ActiveCfg = Release|Any CPU
		{EE1CEEA4-BB98-4443-9DEF-7CDC15DEBCEE}.Release|x64.ActiveCfg = Release|Any CPU
		{EE1CEEA4-BB98-4443-9DEF-7CDC15DEBCEE}.Release|x64.Build.0 = Release|Any CPU
		{EE1CEEA4-BB98-4443-9DEF-7CDC15DEBCEE}.Release|x86.ActiveCfg = Release|Any CPU
		{EE1CEEA4-BB98-4443-9DEF-7CDC15DEBCEE}.Release|x86.Build.0 = Release|Any CPU
		{67FBA5BA-44C3-4D0C-9013-EF00A76712F3}.Debug|Any CPU.ActiveCfg = Debug|Any CPU
		{67FBA5BA-44C3-4D0C-9013-EF00A76712F3}.Debug|Any CPU.Build.0 = Debug|Any CPU
		{67FBA5BA-44C3-4D0C-9013-EF00A76712F3}.Debug|x64.ActiveCfg = Debug|Any CPU
		{67FBA5BA-44C3-4D0C-9013-EF00A76712F3}.Debug|x64.Build.0 = Debug|Any CPU
		{67FBA5BA-44C3-4D0C-9013-EF00A76712F3}.Debug|x86.ActiveCfg = Debug|Any CPU
		{67FBA5BA-44C3-4D0C-9013-EF00A76712F3}.Debug|x86.Build.0 = Debug|Any CPU
		{67FBA5BA-44C3-4D0C-9013-EF00A76712F3}.Release|Any CPU.ActiveCfg = Release|Any CPU
		{67FBA5BA-44C3-4D0C-9013-EF00A76712F3}.Release|Any CPU.Build.0 = Release|Any CPU
		{67FBA5BA-44C3-4D0C-9013-EF00A76712F3}.Release|x64.ActiveCfg = Release|Any CPU
		{67FBA5BA-44C3-4D0C-9013-EF00A76712F3}.Release|x64.Build.0 = Release|Any CPU
		{67FBA5BA-44C3-4D0C-9013-EF00A76712F3}.Release|x86.ActiveCfg = Release|Any CPU
		{67FBA5BA-44C3-4D0C-9013-EF00A76712F3}.Release|x86.Build.0 = Release|Any CPU
		{32B3B558-FEC1-4643-8406-38CF1851F1BB}.Debug|Any CPU.ActiveCfg = Debug|Any CPU
		{32B3B558-FEC1-4643-8406-38CF1851F1BB}.Debug|Any CPU.Build.0 = Debug|Any CPU
		{32B3B558-FEC1-4643-8406-38CF1851F1BB}.Debug|x64.ActiveCfg = Debug|Any CPU
		{32B3B558-FEC1-4643-8406-38CF1851F1BB}.Debug|x64.Build.0 = Debug|Any CPU
		{32B3B558-FEC1-4643-8406-38CF1851F1BB}.Debug|x86.ActiveCfg = Debug|Any CPU
		{32B3B558-FEC1-4643-8406-38CF1851F1BB}.Debug|x86.Build.0 = Debug|Any CPU
		{32B3B558-FEC1-4643-8406-38CF1851F1BB}.Release|Any CPU.ActiveCfg = Release|Any CPU
		{32B3B558-FEC1-4643-8406-38CF1851F1BB}.Release|Any CPU.Build.0 = Release|Any CPU
		{32B3B558-FEC1-4643-8406-38CF1851F1BB}.Release|x64.ActiveCfg = Release|Any CPU
		{32B3B558-FEC1-4643-8406-38CF1851F1BB}.Release|x64.Build.0 = Release|Any CPU
		{32B3B558-FEC1-4643-8406-38CF1851F1BB}.Release|x86.ActiveCfg = Release|Any CPU
		{32B3B558-FEC1-4643-8406-38CF1851F1BB}.Release|x86.Build.0 = Release|Any CPU
		{F4F47C86-5EE3-490D-BF19-7B500C93D023}.Debug|Any CPU.ActiveCfg = Debug|Any CPU
		{F4F47C86-5EE3-490D-BF19-7B500C93D023}.Debug|Any CPU.Build.0 = Debug|Any CPU
		{F4F47C86-5EE3-490D-BF19-7B500C93D023}.Debug|x64.ActiveCfg = Debug|Any CPU
		{F4F47C86-5EE3-490D-BF19-7B500C93D023}.Debug|x64.Build.0 = Debug|Any CPU
		{F4F47C86-5EE3-490D-BF19-7B500C93D023}.Debug|x86.ActiveCfg = Debug|Any CPU
		{F4F47C86-5EE3-490D-BF19-7B500C93D023}.Debug|x86.Build.0 = Debug|Any CPU
		{F4F47C86-5EE3-490D-BF19-7B500C93D023}.Release|Any CPU.ActiveCfg = Release|Any CPU
		{F4F47C86-5EE3-490D-BF19-7B500C93D023}.Release|Any CPU.Build.0 = Release|Any CPU
		{F4F47C86-5EE3-490D-BF19-7B500C93D023}.Release|x64.ActiveCfg = Release|Any CPU
		{F4F47C86-5EE3-490D-BF19-7B500C93D023}.Release|x64.Build.0 = Release|Any CPU
		{F4F47C86-5EE3-490D-BF19-7B500C93D023}.Release|x86.ActiveCfg = Release|Any CPU
		{F4F47C86-5EE3-490D-BF19-7B500C93D023}.Release|x86.Build.0 = Release|Any CPU
	EndGlobalSection
	GlobalSection(SolutionProperties) = preSolution
		HideSolutionNode = FALSE
	EndGlobalSection
	GlobalSection(NestedProjects) = preSolution
		{EE1CEEA4-BB98-4443-9DEF-7CDC15DEBCEE} = {A4116EED-AAA2-4C02-A7B0-7D431D19176D}
		{67FBA5BA-44C3-4D0C-9013-EF00A76712F3} = {20C49547-E448-4011-AE67-556E9A0F9AF0}
		{32B3B558-FEC1-4643-8406-38CF1851F1BB} = {67AB039D-713C-4037-8AF0-F4E940880C42}
		{F4F47C86-5EE3-490D-BF19-7B500C93D023} = {20C49547-E448-4011-AE67-556E9A0F9AF0}
	EndGlobalSection
	GlobalSection(ExtensibilityGlobals) = postSolution
		SolutionGuid = {B003D703-6C92-40AD-BDA6-C60826BD57D9}
	EndGlobalSection
EndGlobal
